// !$*UTF8*$!
{
	archiveVersion = 1;
	classes = {
	};
	objectVersion = 55;
	objects = {

/* Begin PBXBuildFile section */
		9A10C45828F1A323004DEDED /* MainCollectionViewCell.swift in Sources */ = {isa = PBXBuildFile; fileRef = 9A10C45728F1A323004DEDED /* MainCollectionViewCell.swift */; };
		9A28DC5428F08A7A0097873E /* MainViewModel.swift in Sources */ = {isa = PBXBuildFile; fileRef = 9A28DC5328F08A7A0097873E /* MainViewModel.swift */; };
		9A61985B28EB09B60082F7DF /* AppDelegate.swift in Sources */ = {isa = PBXBuildFile; fileRef = 9A61985A28EB09B60082F7DF /* AppDelegate.swift */; };
		9A61985D28EB09B60082F7DF /* SceneDelegate.swift in Sources */ = {isa = PBXBuildFile; fileRef = 9A61985C28EB09B60082F7DF /* SceneDelegate.swift */; };
		9A61986528EB09B60082F7DF /* Anime_Store.xcdatamodeld in Sources */ = {isa = PBXBuildFile; fileRef = 9A61986328EB09B60082F7DF /* Anime_Store.xcdatamodeld */; };
		9A61986728EB09B70082F7DF /* Assets.xcassets in Resources */ = {isa = PBXBuildFile; fileRef = 9A61986628EB09B70082F7DF /* Assets.xcassets */; };
		9A61986A28EB09B70082F7DF /* LaunchScreen.storyboard in Resources */ = {isa = PBXBuildFile; fileRef = 9A61986828EB09B70082F7DF /* LaunchScreen.storyboard */; };
		9A82FEAD28EEBBCE00611D96 /* Identifiers.swift in Sources */ = {isa = PBXBuildFile; fileRef = 9A82FEAC28EEBBCE00611D96 /* Identifiers.swift */; };
		9A82FECE28EF388C00611D96 /* LogIn.storyboard in Resources */ = {isa = PBXBuildFile; fileRef = 9A82FECA28EF388B00611D96 /* LogIn.storyboard */; };
		9A82FECF28EF388C00611D96 /* LogInViewController.swift in Sources */ = {isa = PBXBuildFile; fileRef = 9A82FECC28EF388B00611D96 /* LogInViewController.swift */; };
		9AB9286328EB310E00787754 /* backgroundVideo.mp4 in Resources */ = {isa = PBXBuildFile; fileRef = 9AB9286228EB310E00787754 /* backgroundVideo.mp4 */; };
		9AE7D3A328EF3C9C0010E287 /* Main.storyboard in Resources */ = {isa = PBXBuildFile; fileRef = 9AE7D3A228EF3C9C0010E287 /* Main.storyboard */; };
		9AE7D3A528EF3CAB0010E287 /* MainViewController.swift in Sources */ = {isa = PBXBuildFile; fileRef = 9AE7D3A428EF3CAB0010E287 /* MainViewController.swift */; };
		D5E582F643107B373E1C115D /* Pods_Anime_Store.framework in Frameworks */ = {isa = PBXBuildFile; fileRef = E40D6CD1336DEA1A32952739 /* Pods_Anime_Store.framework */; };
/* End PBXBuildFile section */

/* Begin PBXFileReference section */
		8F18FA0CE7F7F3AE9FC78BD3 /* Pods-Anime Store.debug.xcconfig */ = {isa = PBXFileReference; includeInIndex = 1; lastKnownFileType = text.xcconfig; name = "Pods-Anime Store.debug.xcconfig"; path = "Target Support Files/Pods-Anime Store/Pods-Anime Store.debug.xcconfig"; sourceTree = "<group>"; };
		9A10C45728F1A323004DEDED /* MainCollectionViewCell.swift */ = {isa = PBXFileReference; lastKnownFileType = sourcecode.swift; path = MainCollectionViewCell.swift; sourceTree = "<group>"; };
		9A28DC5328F08A7A0097873E /* MainViewModel.swift */ = {isa = PBXFileReference; lastKnownFileType = sourcecode.swift; path = MainViewModel.swift; sourceTree = "<group>"; };
		9A61985728EB09B60082F7DF /* Anime Store.app */ = {isa = PBXFileReference; explicitFileType = wrapper.application; includeInIndex = 0; path = "Anime Store.app"; sourceTree = BUILT_PRODUCTS_DIR; };
		9A61985A28EB09B60082F7DF /* AppDelegate.swift */ = {isa = PBXFileReference; lastKnownFileType = sourcecode.swift; path = AppDelegate.swift; sourceTree = "<group>"; };
		9A61985C28EB09B60082F7DF /* SceneDelegate.swift */ = {isa = PBXFileReference; lastKnownFileType = sourcecode.swift; path = SceneDelegate.swift; sourceTree = "<group>"; };
		9A61986428EB09B60082F7DF /* Anime_Store.xcdatamodel */ = {isa = PBXFileReference; lastKnownFileType = wrapper.xcdatamodel; path = Anime_Store.xcdatamodel; sourceTree = "<group>"; };
		9A61986628EB09B70082F7DF /* Assets.xcassets */ = {isa = PBXFileReference; lastKnownFileType = folder.assetcatalog; path = Assets.xcassets; sourceTree = "<group>"; };
		9A61986928EB09B70082F7DF /* Base */ = {isa = PBXFileReference; lastKnownFileType = file.storyboard; name = Base; path = Base.lproj/LaunchScreen.storyboard; sourceTree = "<group>"; };
		9A61986B28EB09B70082F7DF /* Info.plist */ = {isa = PBXFileReference; lastKnownFileType = text.plist.xml; path = Info.plist; sourceTree = "<group>"; };
		9A82FEAC28EEBBCE00611D96 /* Identifiers.swift */ = {isa = PBXFileReference; lastKnownFileType = sourcecode.swift; path = Identifiers.swift; sourceTree = "<group>"; };
		9A82FECB28EF388B00611D96 /* Base */ = {isa = PBXFileReference; lastKnownFileType = file.storyboard; name = Base; path = Base.lproj/LogIn.storyboard; sourceTree = "<group>"; };
		9A82FECC28EF388B00611D96 /* LogInViewController.swift */ = {isa = PBXFileReference; fileEncoding = 4; lastKnownFileType = sourcecode.swift; path = LogInViewController.swift; sourceTree = "<group>"; };
		9AB9286228EB310E00787754 /* backgroundVideo.mp4 */ = {isa = PBXFileReference; lastKnownFileType = file; path = backgroundVideo.mp4; sourceTree = "<group>"; };
		9AE7D3A228EF3C9C0010E287 /* Main.storyboard */ = {isa = PBXFileReference; lastKnownFileType = file.storyboard; path = Main.storyboard; sourceTree = "<group>"; };
		9AE7D3A428EF3CAB0010E287 /* MainViewController.swift */ = {isa = PBXFileReference; lastKnownFileType = sourcecode.swift; path = MainViewController.swift; sourceTree = "<group>"; };
		E40D6CD1336DEA1A32952739 /* Pods_Anime_Store.framework */ = {isa = PBXFileReference; explicitFileType = wrapper.framework; includeInIndex = 0; path = Pods_Anime_Store.framework; sourceTree = BUILT_PRODUCTS_DIR; };
		FD1A72A16586A224C0B2BF5A /* Pods-Anime Store.release.xcconfig */ = {isa = PBXFileReference; includeInIndex = 1; lastKnownFileType = text.xcconfig; name = "Pods-Anime Store.release.xcconfig"; path = "Target Support Files/Pods-Anime Store/Pods-Anime Store.release.xcconfig"; sourceTree = "<group>"; };
/* End PBXFileReference section */

/* Begin PBXFrameworksBuildPhase section */
		9A61985428EB09B60082F7DF /* Frameworks */ = {
			isa = PBXFrameworksBuildPhase;
			buildActionMask = 2147483647;
			files = (
				D5E582F643107B373E1C115D /* Pods_Anime_Store.framework in Frameworks */,
			);
			runOnlyForDeploymentPostprocessing = 0;
		};
/* End PBXFrameworksBuildPhase section */

/* Begin PBXGroup section */
		263B4091B67822ECE74B319A /* Frameworks */ = {
			isa = PBXGroup;
			children = (
				E40D6CD1336DEA1A32952739 /* Pods_Anime_Store.framework */,
			);
			name = Frameworks;
			sourceTree = "<group>";
		};
		9530F3254262AA47FC7519EC /* Pods */ = {
			isa = PBXGroup;
			children = (
				8F18FA0CE7F7F3AE9FC78BD3 /* Pods-Anime Store.debug.xcconfig */,
				FD1A72A16586A224C0B2BF5A /* Pods-Anime Store.release.xcconfig */,
			);
			path = Pods;
			sourceTree = "<group>";
		};
		9A28DC4D28F0140E0097873E /* Protocols */ = {
			isa = PBXGroup;
			children = (
			);
			path = Protocols;
			sourceTree = "<group>";
		};
		9A28DC5228F08A6B0097873E /* ViewModel */ = {
			isa = PBXGroup;
			children = (
				9A28DC5328F08A7A0097873E /* MainViewModel.swift */,
			);
			path = ViewModel;
			sourceTree = "<group>";
		};
		9A61984E28EB09B60082F7DF = {
			isa = PBXGroup;
			children = (
				9A61985928EB09B60082F7DF /* Anime Store */,
				263B4091B67822ECE74B319A /* Frameworks */,
				9530F3254262AA47FC7519EC /* Pods */,
				9A61985828EB09B60082F7DF /* Products */,
			);
			sourceTree = "<group>";
		};
		9A61985828EB09B60082F7DF /* Products */ = {
			isa = PBXGroup;
			children = (
				9A61985728EB09B60082F7DF /* Anime Store.app */,
			);
			name = Products;
			sourceTree = "<group>";
		};
		9A61985928EB09B60082F7DF /* Anime Store */ = {
			isa = PBXGroup;
			children = (
				9A28DC4D28F0140E0097873E /* Protocols */,
				9A82FEAE28EEF08700611D96 /* Utils */,
				9A82FEAA28EEBBA200611D96 /* Models */,
				9A61987428EB09EB0082F7DF /* CoreData */,
				9A61987328EB09E00082F7DF /* Resources */,
				9A61987228EB09CD0082F7DF /* ViewControllers */,
				9A61986B28EB09B70082F7DF /* Info.plist */,
				9A61987128EB09BC0082F7DF /* Aplication */,
			);
			path = "Anime Store";
			sourceTree = "<group>";
		};
		9A61987128EB09BC0082F7DF /* Aplication */ = {
			isa = PBXGroup;
			children = (
				9A61985A28EB09B60082F7DF /* AppDelegate.swift */,
				9A61985C28EB09B60082F7DF /* SceneDelegate.swift */,
				9A61986828EB09B70082F7DF /* LaunchScreen.storyboard */,
			);
			path = Aplication;
			sourceTree = "<group>";
		};
		9A61987228EB09CD0082F7DF /* ViewControllers */ = {
			isa = PBXGroup;
			children = (
				9AE7D3A128EF3C880010E287 /* Main Screen */,
				9A82FEC728EF388B00611D96 /* LogIn Screen */,
			);
			path = ViewControllers;
			sourceTree = "<group>";
		};
		9A61987328EB09E00082F7DF /* Resources */ = {
			isa = PBXGroup;
			children = (
				9AB9284A28EB12AE00787754 /* Videos */,
				9A61986628EB09B70082F7DF /* Assets.xcassets */,
			);
			path = Resources;
			sourceTree = "<group>";
		};
		9A61987428EB09EB0082F7DF /* CoreData */ = {
			isa = PBXGroup;
			children = (
				9A61986328EB09B60082F7DF /* Anime_Store.xcdatamodeld */,
			);
			path = CoreData;
			sourceTree = "<group>";
		};
		9A82FEAA28EEBBA200611D96 /* Models */ = {
			isa = PBXGroup;
			children = (
				9A82FEAB28EEBBAD00611D96 /* Enums */,
			);
			path = Models;
			sourceTree = "<group>";
		};
		9A82FEAB28EEBBAD00611D96 /* Enums */ = {
			isa = PBXGroup;
			children = (
				9A82FEAC28EEBBCE00611D96 /* Identifiers.swift */,
			);
			path = Enums;
			sourceTree = "<group>";
		};
		9A82FEAE28EEF08700611D96 /* Utils */ = {
			isa = PBXGroup;
			children = (
				9A82FEAF28EEF09100611D96 /* Extensions */,
			);
			path = Utils;
			sourceTree = "<group>";
		};
		9A82FEAF28EEF09100611D96 /* Extensions */ = {
			isa = PBXGroup;
			children = (
			);
			path = Extensions;
			sourceTree = "<group>";
		};
		9A82FEC728EF388B00611D96 /* LogIn Screen */ = {
			isa = PBXGroup;
			children = (
				9A82FECA28EF388B00611D96 /* LogIn.storyboard */,
				9A82FECC28EF388B00611D96 /* LogInViewController.swift */,
			);
			path = "LogIn Screen";
			sourceTree = "<group>";
		};
		9AB9284A28EB12AE00787754 /* Videos */ = {
			isa = PBXGroup;
			children = (
				9AB9286228EB310E00787754 /* backgroundVideo.mp4 */,
			);
			path = Videos;
			sourceTree = "<group>";
		};
		9AE7D3A128EF3C880010E287 /* Main Screen */ = {
			isa = PBXGroup;
			children = (
				9A28DC5228F08A6B0097873E /* ViewModel */,
				9AE7D3A228EF3C9C0010E287 /* Main.storyboard */,
				9AE7D3A428EF3CAB0010E287 /* MainViewController.swift */,
				9A10C45728F1A323004DEDED /* MainCollectionViewCell.swift */,
			);
			path = "Main Screen";
			sourceTree = "<group>";
		};
/* End PBXGroup section */

/* Begin PBXNativeTarget section */
		9A61985628EB09B60082F7DF /* Anime Store */ = {
			isa = PBXNativeTarget;
			buildConfigurationList = 9A61986E28EB09B70082F7DF /* Build configuration list for PBXNativeTarget "Anime Store" */;
			buildPhases = (
				A55220C062DBC96A8C74D1D3 /* [CP] Check Pods Manifest.lock */,
				9A61985328EB09B60082F7DF /* Sources */,
				9A61985428EB09B60082F7DF /* Frameworks */,
				9A61985528EB09B60082F7DF /* Resources */,
			);
			buildRules = (
			);
			dependencies = (
			);
			name = "Anime Store";
			productName = "Anime Store";
			productReference = 9A61985728EB09B60082F7DF /* Anime Store.app */;
			productType = "com.apple.product-type.application";
		};
/* End PBXNativeTarget section */

/* Begin PBXProject section */
		9A61984F28EB09B60082F7DF /* Project object */ = {
			isa = PBXProject;
			attributes = {
				BuildIndependentTargetsInParallel = 1;
				LastSwiftUpdateCheck = 1340;
				LastUpgradeCheck = 1340;
				TargetAttributes = {
					9A61985628EB09B60082F7DF = {
						CreatedOnToolsVersion = 13.4;
					};
				};
			};
			buildConfigurationList = 9A61985228EB09B60082F7DF /* Build configuration list for PBXProject "Anime Store" */;
			compatibilityVersion = "Xcode 13.0";
			developmentRegion = en;
			hasScannedForEncodings = 0;
			knownRegions = (
				en,
				Base,
			);
			mainGroup = 9A61984E28EB09B60082F7DF;
			productRefGroup = 9A61985828EB09B60082F7DF /* Products */;
			projectDirPath = "";
			projectRoot = "";
			targets = (
				9A61985628EB09B60082F7DF /* Anime Store */,
			);
		};
/* End PBXProject section */

/* Begin PBXResourcesBuildPhase section */
		9A61985528EB09B60082F7DF /* Resources */ = {
			isa = PBXResourcesBuildPhase;
			buildActionMask = 2147483647;
			files = (
				9A61986A28EB09B70082F7DF /* LaunchScreen.storyboard in Resources */,
				9A61986728EB09B70082F7DF /* Assets.xcassets in Resources */,
				9AE7D3A328EF3C9C0010E287 /* Main.storyboard in Resources */,
				9AB9286328EB310E00787754 /* backgroundVideo.mp4 in Resources */,
				9A82FECE28EF388C00611D96 /* LogIn.storyboard in Resources */,
			);
			runOnlyForDeploymentPostprocessing = 0;
		};
/* End PBXResourcesBuildPhase section */

/* Begin PBXShellScriptBuildPhase section */
		A55220C062DBC96A8C74D1D3 /* [CP] Check Pods Manifest.lock */ = {
			isa = PBXShellScriptBuildPhase;
			buildActionMask = 2147483647;
			files = (
			);
			inputFileListPaths = (
			);
			inputPaths = (
				"${PODS_PODFILE_DIR_PATH}/Podfile.lock",
				"${PODS_ROOT}/Manifest.lock",
			);
			name = "[CP] Check Pods Manifest.lock";
			outputFileListPaths = (
			);
			outputPaths = (
				"$(DERIVED_FILE_DIR)/Pods-Anime Store-checkManifestLockResult.txt",
			);
			runOnlyForDeploymentPostprocessing = 0;
			shellPath = /bin/sh;
			shellScript = "diff \"${PODS_PODFILE_DIR_PATH}/Podfile.lock\" \"${PODS_ROOT}/Manifest.lock\" > /dev/null\nif [ $? != 0 ] ; then\n    # print error to STDERR\n    echo \"error: The sandbox is not in sync with the Podfile.lock. Run 'pod install' or update your CocoaPods installation.\" >&2\n    exit 1\nfi\n# This output is used by Xcode 'outputs' to avoid re-running this script phase.\necho \"SUCCESS\" > \"${SCRIPT_OUTPUT_FILE_0}\"\n";
			showEnvVarsInLog = 0;
		};
/* End PBXShellScriptBuildPhase section */

/* Begin PBXSourcesBuildPhase section */
		9A61985328EB09B60082F7DF /* Sources */ = {
			isa = PBXSourcesBuildPhase;
			buildActionMask = 2147483647;
			files = (
				9A28DC5428F08A7A0097873E /* MainViewModel.swift in Sources */,
				9A61985B28EB09B60082F7DF /* AppDelegate.swift in Sources */,
				9A61986528EB09B60082F7DF /* Anime_Store.xcdatamodeld in Sources */,
				9A10C45828F1A323004DEDED /* MainCollectionViewCell.swift in Sources */,
				9A61985D28EB09B60082F7DF /* SceneDelegate.swift in Sources */,
				9AE7D3A528EF3CAB0010E287 /* MainViewController.swift in Sources */,
				9A82FECF28EF388C00611D96 /* LogInViewController.swift in Sources */,
				9A82FEAD28EEBBCE00611D96 /* Identifiers.swift in Sources */,
			);
			runOnlyForDeploymentPostprocessing = 0;
		};
/* End PBXSourcesBuildPhase section */

/* Begin PBXVariantGroup section */
		9A61986828EB09B70082F7DF /* LaunchScreen.storyboard */ = {
			isa = PBXVariantGroup;
			children = (
				9A61986928EB09B70082F7DF /* Base */,
			);
			name = LaunchScreen.storyboard;
			sourceTree = "<group>";
		};
		9A82FECA28EF388B00611D96 /* LogIn.storyboard */ = {
			isa = PBXVariantGroup;
			children = (
				9A82FECB28EF388B00611D96 /* Base */,
			);
			name = LogIn.storyboard;
			sourceTree = "<group>";
		};
/* End PBXVariantGroup section */

/* Begin XCBuildConfiguration section */
		9A61986C28EB09B70082F7DF /* Debug */ = {
			isa = XCBuildConfiguration;
			buildSettings = {
				ALWAYS_SEARCH_USER_PATHS = NO;
				CLANG_ANALYZER_NONNULL = YES;
				CLANG_ANALYZER_NUMBER_OBJECT_CONVERSION = YES_AGGRESSIVE;
				CLANG_CXX_LANGUAGE_STANDARD = "gnu++17";
				CLANG_ENABLE_MODULES = YES;
				CLANG_ENABLE_OBJC_ARC = YES;
				CLANG_ENABLE_OBJC_WEAK = YES;
				CLANG_WARN_BLOCK_CAPTURE_AUTORELEASING = YES;
				CLANG_WARN_BOOL_CONVERSION = YES;
				CLANG_WARN_COMMA = YES;
				CLANG_WARN_CONSTANT_CONVERSION = YES;
				CLANG_WARN_DEPRECATED_OBJC_IMPLEMENTATIONS = YES;
				CLANG_WARN_DIRECT_OBJC_ISA_USAGE = YES_ERROR;
				CLANG_WARN_DOCUMENTATION_COMMENTS = YES;
				CLANG_WARN_EMPTY_BODY = YES;
				CLANG_WARN_ENUM_CONVERSION = YES;
				CLANG_WARN_INFINITE_RECURSION = YES;
				CLANG_WARN_INT_CONVERSION = YES;
				CLANG_WARN_NON_LITERAL_NULL_CONVERSION = YES;
				CLANG_WARN_OBJC_IMPLICIT_RETAIN_SELF = YES;
				CLANG_WARN_OBJC_LITERAL_CONVERSION = YES;
				CLANG_WARN_OBJC_ROOT_CLASS = YES_ERROR;
				CLANG_WARN_QUOTED_INCLUDE_IN_FRAMEWORK_HEADER = YES;
				CLANG_WARN_RANGE_LOOP_ANALYSIS = YES;
				CLANG_WARN_STRICT_PROTOTYPES = YES;
				CLANG_WARN_SUSPICIOUS_MOVE = YES;
				CLANG_WARN_UNGUARDED_AVAILABILITY = YES_AGGRESSIVE;
				CLANG_WARN_UNREACHABLE_CODE = YES;
				CLANG_WARN__DUPLICATE_METHOD_MATCH = YES;
				COPY_PHASE_STRIP = NO;
				DEBUG_INFORMATION_FORMAT = dwarf;
				ENABLE_STRICT_OBJC_MSGSEND = YES;
				ENABLE_TESTABILITY = YES;
				GCC_C_LANGUAGE_STANDARD = gnu11;
				GCC_DYNAMIC_NO_PIC = NO;
				GCC_NO_COMMON_BLOCKS = YES;
				GCC_OPTIMIZATION_LEVEL = 0;
				GCC_PREPROCESSOR_DEFINITIONS = (
					"DEBUG=1",
					"$(inherited)",
				);
				GCC_WARN_64_TO_32_BIT_CONVERSION = YES;
				GCC_WARN_ABOUT_RETURN_TYPE = YES_ERROR;
				GCC_WARN_UNDECLARED_SELECTOR = YES;
				GCC_WARN_UNINITIALIZED_AUTOS = YES_AGGRESSIVE;
				GCC_WARN_UNUSED_FUNCTION = YES;
				GCC_WARN_UNUSED_VARIABLE = YES;
				IPHONEOS_DEPLOYMENT_TARGET = 15.5;
				MTL_ENABLE_DEBUG_INFO = INCLUDE_SOURCE;
				MTL_FAST_MATH = YES;
				ONLY_ACTIVE_ARCH = YES;
				SDKROOT = iphoneos;
				SWIFT_ACTIVE_COMPILATION_CONDITIONS = DEBUG;
				SWIFT_OPTIMIZATION_LEVEL = "-Onone";
			};
			name = Debug;
		};
		9A61986D28EB09B70082F7DF /* Release */ = {
			isa = XCBuildConfiguration;
			buildSettings = {
				ALWAYS_SEARCH_USER_PATHS = NO;
				CLANG_ANALYZER_NONNULL = YES;
				CLANG_ANALYZER_NUMBER_OBJECT_CONVERSION = YES_AGGRESSIVE;
				CLANG_CXX_LANGUAGE_STANDARD = "gnu++17";
				CLANG_ENABLE_MODULES = YES;
				CLANG_ENABLE_OBJC_ARC = YES;
				CLANG_ENABLE_OBJC_WEAK = YES;
				CLANG_WARN_BLOCK_CAPTURE_AUTORELEASING = YES;
				CLANG_WARN_BOOL_CONVERSION = YES;
				CLANG_WARN_COMMA = YES;
				CLANG_WARN_CONSTANT_CONVERSION = YES;
				CLANG_WARN_DEPRECATED_OBJC_IMPLEMENTATIONS = YES;
				CLANG_WARN_DIRECT_OBJC_ISA_USAGE = YES_ERROR;
				CLANG_WARN_DOCUMENTATION_COMMENTS = YES;
				CLANG_WARN_EMPTY_BODY = YES;
				CLANG_WARN_ENUM_CONVERSION = YES;
				CLANG_WARN_INFINITE_RECURSION = YES;
				CLANG_WARN_INT_CONVERSION = YES;
				CLANG_WARN_NON_LITERAL_NULL_CONVERSION = YES;
				CLANG_WARN_OBJC_IMPLICIT_RETAIN_SELF = YES;
				CLANG_WARN_OBJC_LITERAL_CONVERSION = YES;
				CLANG_WARN_OBJC_ROOT_CLASS = YES_ERROR;
				CLANG_WARN_QUOTED_INCLUDE_IN_FRAMEWORK_HEADER = YES;
				CLANG_WARN_RANGE_LOOP_ANALYSIS = YES;
				CLANG_WARN_STRICT_PROTOTYPES = YES;
				CLANG_WARN_SUSPICIOUS_MOVE = YES;
				CLANG_WARN_UNGUARDED_AVAILABILITY = YES_AGGRESSIVE;
				CLANG_WARN_UNREACHABLE_CODE = YES;
				CLANG_WARN__DUPLICATE_METHOD_MATCH = YES;
				COPY_PHASE_STRIP = NO;
				DEBUG_INFORMATION_FORMAT = "dwarf-with-dsym";
				ENABLE_NS_ASSERTIONS = NO;
				ENABLE_STRICT_OBJC_MSGSEND = YES;
				GCC_C_LANGUAGE_STANDARD = gnu11;
				GCC_NO_COMMON_BLOCKS = YES;
				GCC_WARN_64_TO_32_BIT_CONVERSION = YES;
				GCC_WARN_ABOUT_RETURN_TYPE = YES_ERROR;
				GCC_WARN_UNDECLARED_SELECTOR = YES;
				GCC_WARN_UNINITIALIZED_AUTOS = YES_AGGRESSIVE;
				GCC_WARN_UNUSED_FUNCTION = YES;
				GCC_WARN_UNUSED_VARIABLE = YES;
				IPHONEOS_DEPLOYMENT_TARGET = 15.5;
				MTL_ENABLE_DEBUG_INFO = NO;
				MTL_FAST_MATH = YES;
				SDKROOT = iphoneos;
				SWIFT_COMPILATION_MODE = wholemodule;
				SWIFT_OPTIMIZATION_LEVEL = "-O";
				VALIDATE_PRODUCT = YES;
			};
			name = Release;
		};
		9A61986F28EB09B70082F7DF /* Debug */ = {
			isa = XCBuildConfiguration;
			baseConfigurationReference = 8F18FA0CE7F7F3AE9FC78BD3 /* Pods-Anime Store.debug.xcconfig */;
			buildSettings = {
				ASSETCATALOG_COMPILER_APPICON_NAME = AppIcon;
				ASSETCATALOG_COMPILER_GLOBAL_ACCENT_COLOR_NAME = AccentColor;
				CODE_SIGN_STYLE = Automatic;
				CURRENT_PROJECT_VERSION = 1;
				DEVELOPMENT_TEAM = 3PGR742T86;
				GENERATE_INFOPLIST_FILE = YES;
				INFOPLIST_FILE = "Anime Store/Info.plist";
				INFOPLIST_KEY_UIApplicationSupportsIndirectInputEvents = YES;
				INFOPLIST_KEY_UILaunchStoryboardName = LaunchScreen;
				INFOPLIST_KEY_UIMainStoryboardFile = LogIn;
				INFOPLIST_KEY_UISupportedInterfaceOrientations_iPad = "UIInterfaceOrientationPortrait UIInterfaceOrientationPortraitUpsideDown UIInterfaceOrientationLandscapeLeft UIInterfaceOrientationLandscapeRight";
				INFOPLIST_KEY_UISupportedInterfaceOrientations_iPhone = "UIInterfaceOrientationPortrait UIInterfaceOrientationLandscapeLeft UIInterfaceOrientationLandscapeRight";
				LD_RUNPATH_SEARCH_PATHS = (
					"$(inherited)",
					"@executable_path/Frameworks",
				);
				MARKETING_VERSION = 1.0;
				PRODUCT_BUNDLE_IDENTIFIER = "com.Shalay.Projects.Anime-Store";
				PRODUCT_NAME = "$(TARGET_NAME)";
				SWIFT_EMIT_LOC_STRINGS = YES;
				SWIFT_VERSION = 5.0;
				TARGETED_DEVICE_FAMILY = "1,2";
			};
			name = Debug;
		};
		9A61987028EB09B70082F7DF /* Release */ = {
			isa = XCBuildConfiguration;
			baseConfigurationReference = FD1A72A16586A224C0B2BF5A /* Pods-Anime Store.release.xcconfig */;
			buildSettings = {
				ASSETCATALOG_COMPILER_APPICON_NAME = AppIcon;
				ASSETCATALOG_COMPILER_GLOBAL_ACCENT_COLOR_NAME = AccentColor;
				CODE_SIGN_STYLE = Automatic;
				CURRENT_PROJECT_VERSION = 1;
				DEVELOPMENT_TEAM = 3PGR742T86;
				GENERATE_INFOPLIST_FILE = YES;
				INFOPLIST_FILE = "Anime Store/Info.plist";
				INFOPLIST_KEY_UIApplicationSupportsIndirectInputEvents = YES;
				INFOPLIST_KEY_UILaunchStoryboardName = LaunchScreen;
				INFOPLIST_KEY_UIMainStoryboardFile = LogIn;
				INFOPLIST_KEY_UISupportedInterfaceOrientations_iPad = "UIInterfaceOrientationPortrait UIInterfaceOrientationPortraitUpsideDown UIInterfaceOrientationLandscapeLeft UIInterfaceOrientationLandscapeRight";
				INFOPLIST_KEY_UISupportedInterfaceOrientations_iPhone = "UIInterfaceOrientationPortrait UIInterfaceOrientationLandscapeLeft UIInterfaceOrientationLandscapeRight";
				LD_RUNPATH_SEARCH_PATHS = (
					"$(inherited)",
					"@executable_path/Frameworks",
				);
				MARKETING_VERSION = 1.0;
				PRODUCT_BUNDLE_IDENTIFIER = "com.Shalay.Projects.Anime-Store";
				PRODUCT_NAME = "$(TARGET_NAME)";
				SWIFT_EMIT_LOC_STRINGS = YES;
				SWIFT_VERSION = 5.0;
				TARGETED_DEVICE_FAMILY = "1,2";
			};
			name = Release;
		};
/* End XCBuildConfiguration section */

/* Begin XCConfigurationList section */
		9A61985228EB09B60082F7DF /* Build configuration list for PBXProject "Anime Store" */ = {
			isa = XCConfigurationList;
			buildConfigurations = (
				9A61986C28EB09B70082F7DF /* Debug */,
				9A61986D28EB09B70082F7DF /* Release */,
			);
			defaultConfigurationIsVisible = 0;
			defaultConfigurationName = Release;
		};
		9A61986E28EB09B70082F7DF /* Build configuration list for PBXNativeTarget "Anime Store" */ = {
			isa = XCConfigurationList;
			buildConfigurations = (
				9A61986F28EB09B70082F7DF /* Debug */,
				9A61987028EB09B70082F7DF /* Release */,
			);
			defaultConfigurationIsVisible = 0;
			defaultConfigurationName = Release;
		};
/* End XCConfigurationList section */

/* Begin XCVersionGroup section */
		9A61986328EB09B60082F7DF /* Anime_Store.xcdatamodeld */ = {
			isa = XCVersionGroup;
			children = (
				9A61986428EB09B60082F7DF /* Anime_Store.xcdatamodel */,
			);
			currentVersion = 9A61986428EB09B60082F7DF /* Anime_Store.xcdatamodel */;
			path = Anime_Store.xcdatamodeld;
			sourceTree = "<group>";
			versionGroupType = wrapper.xcdatamodel;
		};
/* End XCVersionGroup section */
	};
	rootObject = 9A61984F28EB09B60082F7DF /* Project object */;
}
